# This file is generated by running "yarn install" inside your project.
# Manual changes might be lost - proceed with caution!

__metadata:
  version: 4
  cacheKey: 7

"function-bind@npm:^1.1.1":
  version: 1.1.1
  resolution: "function-bind@npm:1.1.1"
  checksum: ffad86e7d2010ba179aaa6a3987d2cc0ed48fa92d27f1ed84bfa06d14f77deeed5bfbae7f00bdebc0c54218392cab2b18ecc080e2c72f592431927b87a27d42b
  languageName: node
  linkType: hard

"has@npm:^1.0.3":
  version: 1.0.3
  resolution: "has@npm:1.0.3"
  dependencies:
    function-bind: ^1.1.1
  checksum: c686e15300d41364486c099a9259d9c418022c294244843dcd712c4c286ff839d4f23a25413baa28c4d2c1e828afc2aaab70f685400b391533980223c71fa1ca
  languageName: node
  linkType: hard

"is-core-module@npm:^2.1.0":
  version: 2.2.0
  resolution: "is-core-module@npm:2.2.0"
  dependencies:
    has: ^1.0.3
  checksum: 2344744de98a3bc22e2bb30895f307d7889f09e963f9bcb1cc321788f508c8b463f75e0a9ca009eeeb8eb9465181b5c15f1ec9299a6bb6921cfbb2423892e0ba
  languageName: node
  linkType: hard

"path-parse@npm:^1.0.6":
  version: 1.0.6
  resolution: "path-parse@npm:1.0.6"
  checksum: 2eee4b93fb3ae13600e3fca18390d9933bbbcf725a624f6b8df020d87515a74872ff6c58072190d6dc75a5584a683dc6ae5c385ad4e4f4efb6e66af040d56c67
  languageName: node
  linkType: hard

resolve@^1.15.1:
  version: 1.19.0
  resolution: "resolve@npm:1.19.0"
  dependencies:
    is-core-module: ^2.1.0
    path-parse: ^1.0.6
  checksum: 8b23c7fde1224898ffb9fec2a2295a44d1564981343bdbf5fd3769465658f6a6f6647bb7ea66dfb3c1291ca86046b0233be2edfcd8ca05b38886521e8869677c
  languageName: node
  linkType: hard

"resolve@patch:resolve@^1.15.1#builtin<compat/resolve>":
  version: 1.19.0
  resolution: "resolve@patch:resolve@npm%3A1.19.0#builtin<compat/resolve>::version=1.19.0&hash=3388aa"
  dependencies:
    is-core-module: ^2.1.0
    path-parse: ^1.0.6
  checksum: 188d5167e8578a9af8d194faf382b8f3526aad5145391c24ecdc6246c6fc82c10fc66d6352267f8e93c5977c503d61803169c91b9e2ee36dd2de759915c9b673
  languageName: node
  linkType: hard

"source-map@npm:^0.7.3":
  version: 0.7.3
  resolution: "source-map@npm:0.7.3"
  checksum: 351ce26ffa1ebf203660c0d70d7566c81e65d2d994d1c2d94da140808e02da34961673ce12ecea9b40797b96fbeb8c70bf71a4ad9f779f1a4fdbba75530bb386
  languageName: node
  linkType: hard

"turbo-computing-machine@workspace:.":
  version: 0.0.0-use.local
  resolution: "turbo-computing-machine@workspace:."
  dependencies:
    typescript-to-lua: ^0.37.1
  languageName: unknown
  linkType: soft

"typescript-to-lua@npm:^0.37.1":
  version: 0.37.1
  resolution: "typescript-to-lua@npm:0.37.1"
  dependencies:
    resolve: ^1.15.1
    source-map: ^0.7.3
    typescript: ">=4.0.2"
  bin:
    tstl: dist/tstl.js
  checksum: 0137c914066aa3ee5dcc8859fbc7a50b0e089f6d58a0f0ab9e9bdecf7b7e67afe81d6ca46b7828966f18590b5db81fbbd20f1308b126bd7df1de4b58ac64774d
  languageName: node
  linkType: hard

typescript@>=4.0.2:
  version: 4.1.3
  resolution: "typescript@npm:4.1.3"
  bin:
    tsc: bin/tsc
    tsserver: bin/tsserver
  checksum: 4f7ab1506ea22c7a1c313ec5b4285e93ce08d709ad6086d02d3096adb399ca339972ee56d1e578213c51dd0fb7b0fad50283c2d3c39642405644458ae29774f8
  languageName: node
  linkType: hard

"typescript@patch:typescript@>=4.0.2#builtin<compat/typescript>":
  version: 4.1.3
  resolution: "typescript@patch:typescript@npm%3A4.1.3#builtin<compat/typescript>::version=4.1.3&hash=cc6730"
  bin:
    tsc: bin/tsc
    tsserver: bin/tsserver
  checksum: 017af992148346e671d5b83b041773825888e9c94db8d2b9472cdbb6d6f0ee85927817473121524d319f8be6ffe5a6904d27ff6ef21356d2274fcadd52e17938
  languageName: node
  linkType: hard
